// !$*UTF8*$!
{
	archiveVersion = 1;
	classes = {
	};
	objectVersion = 46;
	objects = {

/* Begin PBXBuildFile section */
		633519281C30F3E6005E861C /* AppDelegate.swift in Sources */ = {isa = PBXBuildFile; fileRef = 633519271C30F3E6005E861C /* AppDelegate.swift */; };
		6335192A1C30F3E6005E861C /* ViewController.swift in Sources */ = {isa = PBXBuildFile; fileRef = 633519291C30F3E6005E861C /* ViewController.swift */; };
		6335192D1C30F3E7005E861C /* Main.storyboard in Resources */ = {isa = PBXBuildFile; fileRef = 6335192B1C30F3E7005E861C /* Main.storyboard */; };
		6335192F1C30F3E7005E861C /* Assets.xcassets in Resources */ = {isa = PBXBuildFile; fileRef = 6335192E1C30F3E7005E861C /* Assets.xcassets */; };
		633519321C30F3E7005E861C /* LaunchScreen.storyboard in Resources */ = {isa = PBXBuildFile; fileRef = 633519301C30F3E7005E861C /* LaunchScreen.storyboard */; };
/* End PBXBuildFile section */

/* Begin PBXFileReference section */
		633519241C30F3E6005E861C /* EjercicioSemana1.app */ = {isa = PBXFileReference; explicitFileType = wrapper.application; includeInIndex = 0; path = EjercicioSemana1.app; sourceTree = BUILT_PRODUCTS_DIR; };
		633519271C30F3E6005E861C /* AppDelegate.swift */ = {isa = PBXFileReference; lastKnownFileType = sourcecode.swift; path = AppDelegate.swift; sourceTree = "<group>"; };
		633519291C30F3E6005E861C /* ViewController.swift */ = {isa = PBXFileReference; lastKnownFileType = sourcecode.swift; path = ViewController.swift; sourceTree = "<group>"; };
		6335192C1C30F3E7005E861C /* Base */ = {isa = PBXFileReference; lastKnownFileType = file.storyboard; name = Base; path = Base.lproj/Main.storyboard; sourceTree = "<group>"; };
		6335192E1C30F3E7005E861C /* Assets.xcassets */ = {isa = PBXFileReference; lastKnownFileType = folder.assetcatalog; path = Assets.xcassets; sourceTree = "<group>"; };
		633519311C30F3E7005E861C /* Base */ = {isa = PBXFileReference; lastKnownFileType = file.storyboard; name = Base; path = Base.lproj/LaunchScreen.storyboard; sourceTree = "<group>"; };
		633519331C30F3E7005E861C /* Info.plist */ = {isa = PBXFileReference; lastKnownFileType = text.plist.xml; path = Info.plist; sourceTree = "<group>"; };
/* End PBXFileReference section */

/* Begin PBXFrameworksBuildPhase section */
		633519211C30F3E6005E861C /* Frameworks */ = {
			isa = PBXFrameworksBuildPhase;
			buildActionMask = 2147483647;
			files = (
			);
			runOnlyForDeploymentPostprocessing = 0;
		};
/* End PBXFrameworksBuildPhase section */

/* Begin PBXGroup section */
		6335191B1C30F3E6005E861C = {
			isa = PBXGroup;
			children = (
				633519261C30F3E6005E861C /* EjercicioSemana1 */,
				633519251C30F3E6005E861C /* Products */,
			);
			sourceTree = "<group>";
		};
		633519251C30F3E6005E861C /* Products */ = {
			isa = PBXGroup;
			children = (
				633519241C30F3E6005E861C /* EjercicioSemana1.app */,
			);
			name = Products;
			sourceTree = "<group>";
		};
		633519261C30F3E6005E861C /* EjercicioSemana1 */ = {
			isa = PBXGroup;
			children = (
				633519271C30F3E6005E861C /* AppDelegate.swift */,
				633519291C30F3E6005E861C /* ViewController.swift */,
				6335192B1C30F3E7005E861C /* Main.storyboard */,
				6335192E1C30F3E7005E861C /* Assets.xcassets */,
				633519301C30F3E7005E861C /* LaunchScreen.storyboard */,
				633519331C30F3E7005E861C /* Info.plist */,
			);
			path = EjercicioSemana1;
			sourceTree = "<group>";
		};
/* End PBXGroup section */

/* Begin PBXNativeTarget section */
		633519231C30F3E6005E861C /* EjercicioSemana1 */ = {
			isa = PBXNativeTarget;
			buildConfigurationList = 633519361C30F3E7005E861C /* Build configuration list for PBXNativeTarget "EjercicioSemana1" */;
			buildPhases = (
				633519201C30F3E6005E861C /* Sources */,
				633519211C30F3E6005E861C /* Frameworks */,
				633519221C30F3E6005E861C /* Resources */,
			);
			buildRules = (
			);
			dependencies = (
			);
			name = EjercicioSemana1;
			productName = EjercicioSemana1;
			productReference = 633519241C30F3E6005E861C /* EjercicioSemana1.app */;
			productType = "com.apple.product-type.application";
		};
/* End PBXNativeTarget section */

/* Begin PBXProject section */
		6335191C1C30F3E6005E861C /* Project object */ = {
			isa = PBXProject;
			attributes = {
				LastSwiftUpdateCheck = 0720;
				LastUpgradeCheck = 0720;
				ORGANIZATIONNAME = "Miguel Benavente Valdés";
				TargetAttributes = {
					633519231C30F3E6005E861C = {
						CreatedOnToolsVersion = 7.2;
						DevelopmentTeam = 93DCRRL9F7;
					};
				};
			};
			buildConfigurationList = 6335191F1C30F3E6005E861C /* Build configuration list for PBXProject "EjercicioSemana1" */;
			compatibilityVersion = "Xcode 3.2";
			developmentRegion = English;
			hasScannedForEncodings = 0;
			knownRegions = (
				en,
				Base,
			);
			mainGroup = 6335191B1C30F3E6005E861C;
			productRefGroup = 633519251C30F3E6005E861C /* Products */;
			projectDirPath = "";
			projectRoot = "";
			targets = (
				633519231C30F3E6005E861C /* EjercicioSemana1 */,
			);
		};
/* End PBXProject section */

/* Begin PBXResourcesBuildPhase section */
		633519221C30F3E6005E861C /* Resources */ = {
			isa = PBXResourcesBuildPhase;
			buildActionMask = 2147483647;
			files = (
				633519321C30F3E7005E861C /* LaunchScreen.storyboard in Resources */,
				6335192F1C30F3E7005E861C /* Assets.xcassets in Resources */,
				6335192D1C30F3E7005E861C /* Main.storyboard in Resources */,
			);
			runOnlyForDeploymentPostprocessing = 0;
		};
/* End PBXResourcesBuildPhase section */

/* Begin PBXSourcesBuildPhase section */
		633519201C30F3E6005E861C /* Sources */ = {
			isa = PBXSourcesBuildPhase;
			buildActionMask = 2147483647;
			files = (
				6335192A1C30F3E6005E861C /* ViewController.swift in Sources */,
				633519281C30F3E6005E861C /* AppDelegate.swift in Sources */,
			);
			runOnlyForDeploymentPostprocessing = 0;
		};
/* End PBXSourcesBuildPhase section */

/* Begin PBXVariantGroup section */
		6335192B1C30F3E7005E861C /* Main.storyboard */ = {
			isa = PBXVariantGroup;
			children = (
				6335192C1C30F3E7005E861C /* Base */,
			);
			name = Main.storyboard;
			sourceTree = "<group>";
		};
		633519301C30F3E7005E861C /* LaunchScreen.storyboard */ = {
			isa = PBXVariantGroup;
			children = (
				633519311C30F3E7005E861C /* Base */,
			);
			name = LaunchScreen.storyboard;
			sourceTree = "<group>";
		};
/* End PBXVariantGroup section */

/* Begin XCBuildConfiguration section */
		633519341C30F3E7005E861C /* Debug */ = {
			isa = XCBuildConfiguration;
			buildSettings = {
				ALWAYS_SEARCH_USER_PATHS = NO;
				CLANG_CXX_LANGUAGE_STANDARD = "gnu++0x";
				CLANG_CXX_LIBRARY = "libc++";
				CLANG_ENABLE_MODULES = YES;
				CLANG_ENABLE_OBJC_ARC = YES;
				CLANG_WARN_BOOL_CONVERSION = YES;
				CLANG_WARN_CONSTANT_CONVERSION = YES;
				CLANG_WARN_DIRECT_OBJC_ISA_USAGE = YES_ERROR;
				CLANG_WARN_EMPTY_BODY = YES;
				CLANG_WARN_ENUM_CONVERSION = YES;
				CLANG_WARN_INT_CONVERSION = YES;
				CLANG_WARN_OBJC_ROOT_CLASS = YES_ERROR;
				CLANG_WARN_UNREACHABLE_CODE = YES;
				CLANG_WARN__DUPLICATE_METHOD_MATCH = YES;
				"CODE_SIGN_IDENTITY[sdk=iphoneos*]" = "iPhone Developer";
				COPY_PHASE_STRIP = NO;
				DEBUG_INFORMATION_FORMAT = dwarf;
				ENABLE_STRICT_OBJC_MSGSEND = YES;
				ENABLE_TESTABILITY = YES;
				GCC_C_LANGUAGE_STANDARD = gnu99;
				GCC_DYNAMIC_NO_PIC = NO;
				GCC_NO_COMMON_BLOCKS = YES;
				GCC_OPTIMIZATION_LEVEL = 0;
				GCC_PREPROCESSOR_DEFINITIONS = (
					"DEBUG=1",
					"$(inherited)",
				);
				GCC_WARN_64_TO_32_BIT_CONVERSION = YES;
				GCC_WARN_ABOUT_RETURN_TYPE = YES_ERROR;
				GCC_WARN_UNDECLARED_SELECTOR = YES;
				GCC_WARN_UNINITIALIZED_AUTOS = YES_AGGRESSIVE;
				GCC_WARN_UNUSED_FUNCTION = YES;
				GCC_WARN_UNUSED_VARIABLE = YES;
				IPHONEOS_DEPLOYMENT_TARGET = 9.2;
				MTL_ENABLE_DEBUG_INFO = YES;
				ONLY_ACTIVE_ARCH = YES;
				SDKROOT = iphoneos;
				SWIFT_OPTIMIZATION_LEVEL = "-Onone";
			};
			name = Debug;
		};
		633519351C30F3E7005E861C /* Release */ = {
			isa = XCBuildConfiguration;
			buildSettings = {
				ALWAYS_SEARCH_USER_PATHS = NO;
				CLANG_CXX_LANGUAGE_STANDARD = "gnu++0x";
				CLANG_CXX_LIBRARY = "libc++";
				CLANG_ENABLE_MODULES = YES;
				CLANG_ENABLE_OBJC_ARC = YES;
				CLANG_WARN_BOOL_CONVERSION = YES;
				CLANG_WARN_CONSTANT_CONVERSION = YES;
				CLANG_WARN_DIRECT_OBJC_ISA_USAGE = YES_ERROR;
				CLANG_WARN_EMPTY_BODY = YES;
				CLANG_WARN_ENUM_CONVERSION = YES;
				CLANG_WARN_INT_CONVERSION = YES;
				CLANG_WARN_OBJC_ROOT_CLASS = YES_ERROR;
				CLANG_WARN_UNREACHABLE_CODE = YES;
				CLANG_WARN__DUPLICATE_METHOD_MATCH = YES;
				"CODE_SIGN_IDENTITY[sdk=iphoneos*]" = "iPhone Developer";
				COPY_PHASE_STRIP = NO;
				DEBUG_INFORMATION_FORMAT = "dwarf-with-dsym";
				ENABLE_NS_ASSERTIONS = NO;
				ENABLE_STRICT_OBJC_MSGSEND = YES;
				GCC_C_LANGUAGE_STANDARD = gnu99;
				GCC_NO_COMMON_BLOCKS = YES;
				GCC_WARN_64_TO_32_BIT_CONVERSION = YES;
				GCC_WARN_ABOUT_RETURN_TYPE = YES_ERROR;
				GCC_WARN_UNDECLARED_SELECTOR = YES;
				GCC_WARN_UNINITIALIZED_AUTOS = YES_AGGRESSIVE;
				GCC_WARN_UNUSED_FUNCTION = YES;
				GCC_WARN_UNUSED_VARIABLE = YES;
				IPHONEOS_DEPLOYMENT_TARGET = 9.2;
				MTL_ENABLE_DEBUG_INFO = NO;
				SDKROOT = iphoneos;
				VALIDATE_PRODUCT = YES;
			};
			name = Release;
		};
		633519371C30F3E7005E861C /* Debug */ = {
			isa = XCBuildConfiguration;
			buildSettings = {
				ASSETCATALOG_COMPILER_APPICON_NAME = AppIcon;
				INFOPLIST_FILE = EjercicioSemana1/Info.plist;
				LD_RUNPATH_SEARCH_PATHS = "$(inherited) @executable_path/Frameworks";
				PRODUCT_BUNDLE_IDENTIFIER = mbenaventev.EjercicioSemana1;
				PRODUCT_NAME = "$(TARGET_NAME)";
			};
			name = Debug;
		};
		633519381C30F3E7005E861C /* Release */ = {
			isa = XCBuildConfiguration;
			buildSettings = {
				ASSETCATALOG_COMPILER_APPICON_NAME = AppIcon;
				INFOPLIST_FILE = EjercicioSemana1/Info.plist;
				LD_RUNPATH_SEARCH_PATHS = "$(inherited) @executable_path/Frameworks";
				PRODUCT_BUNDLE_IDENTIFIER = mbenaventev.EjercicioSemana1;
				PRODUCT_NAME = "$(TARGET_NAME)";
			};
			name = Release;
		};
/* End XCBuildConfiguration section */

/* Begin XCConfigurationList section */
		6335191F1C30F3E6005E861C /* Build configuration list for PBXProject "EjercicioSemana1" */ = {
			isa = XCConfigurationList;
			buildConfigurations = (
				633519341C30F3E7005E861C /* Debug */,
				633519351C30F3E7005E861C /* Release */,
			);
			defaultConfigurationIsVisible = 0;
			defaultConfigurationName = Release;
		};
		633519361C30F3E7005E861C /* Build configuration list for PBXNativeTarget "EjercicioSemana1" */ = {
			isa = XCConfigurationList;
			buildConfigurations = (
				633519371C30F3E7005E861C /* Debug */,
				633519381C30F3E7005E861C /* Release */,
			);
			defaultConfigurationIsVisible = 0;
		};
/* End XCConfigurationList section */
	};
	rootObject = 6335191C1C30F3E6005E861C /* Project object */;
}
